// !$*UTF8*$!
{
	archiveVersion = 1;
	classes = {
	};
	objectVersion = 51;
	objects = {

/* Begin PBXBuildFile section */
		4D13BF6E25AF9EE000E64D57 /* MovieViewData.swift in Sources */ = {isa = PBXBuildFile; fileRef = 4D13BF6D25AF9EE000E64D57 /* MovieViewData.swift */; };
		4D36828125AE36FD00425A3B /* MoviesAPI.swift in Sources */ = {isa = PBXBuildFile; fileRef = 4D36828025AE36FD00425A3B /* MoviesAPI.swift */; };
		4D36828E25AE5D9700425A3B /* Bindable.swift in Sources */ = {isa = PBXBuildFile; fileRef = 4D36828D25AE5D9700425A3B /* Bindable.swift */; };
		4D36829625AE9F4600425A3B /* MovieViewModel.swift in Sources */ = {isa = PBXBuildFile; fileRef = 4D36829525AE9F4600425A3B /* MovieViewModel.swift */; };
		4D76271425AAA2BC00A91CF0 /* DetalhesFilmesViewController.swift in Sources */ = {isa = PBXBuildFile; fileRef = 4D76271325AAA2BC00A91CF0 /* DetalhesFilmesViewController.swift */; };
		4D92564325A931BE00538FE7 /* CapasFilmesCollectionViewCell.swift in Sources */ = {isa = PBXBuildFile; fileRef = 4D92564225A931BE00538FE7 /* CapasFilmesCollectionViewCell.swift */; };
		4DA5BEAE25A7B33700C9F6BD /* Filmes.swift in Sources */ = {isa = PBXBuildFile; fileRef = 4DA5BEAD25A7B33700C9F6BD /* Filmes.swift */; };
		4DFF622C25A73CD0004556AF /* AppDelegate.swift in Sources */ = {isa = PBXBuildFile; fileRef = 4DFF622B25A73CD0004556AF /* AppDelegate.swift */; };
		4DFF622E25A73CD0004556AF /* SceneDelegate.swift in Sources */ = {isa = PBXBuildFile; fileRef = 4DFF622D25A73CD0004556AF /* SceneDelegate.swift */; };
		4DFF623025A73CD0004556AF /* ViewController.swift in Sources */ = {isa = PBXBuildFile; fileRef = 4DFF622F25A73CD0004556AF /* ViewController.swift */; };
		4DFF623325A73CD0004556AF /* Main.storyboard in Resources */ = {isa = PBXBuildFile; fileRef = 4DFF623125A73CD0004556AF /* Main.storyboard */; };
		4DFF623525A73CD1004556AF /* Assets.xcassets in Resources */ = {isa = PBXBuildFile; fileRef = 4DFF623425A73CD1004556AF /* Assets.xcassets */; };
		4DFF623825A73CD1004556AF /* LaunchScreen.storyboard in Resources */ = {isa = PBXBuildFile; fileRef = 4DFF623625A73CD1004556AF /* LaunchScreen.storyboard */; };
		E531232C56E84309FB88235E /* Pods_MoviesAPI.framework in Frameworks */ = {isa = PBXBuildFile; fileRef = FDD86D1A005D8931A81B8079 /* Pods_MoviesAPI.framework */; };
/* End PBXBuildFile section */

/* Begin PBXFileReference section */
		495BAA51FC6F0EB44F036F73 /* Pods-MoviesAPI.debug.xcconfig */ = {isa = PBXFileReference; includeInIndex = 1; lastKnownFileType = text.xcconfig; name = "Pods-MoviesAPI.debug.xcconfig"; path = "Target Support Files/Pods-MoviesAPI/Pods-MoviesAPI.debug.xcconfig"; sourceTree = "<group>"; };
		4D13BF6D25AF9EE000E64D57 /* MovieViewData.swift */ = {isa = PBXFileReference; lastKnownFileType = sourcecode.swift; path = MovieViewData.swift; sourceTree = "<group>"; };
		4D36828025AE36FD00425A3B /* MoviesAPI.swift */ = {isa = PBXFileReference; lastKnownFileType = sourcecode.swift; path = MoviesAPI.swift; sourceTree = "<group>"; };
		4D36828D25AE5D9700425A3B /* Bindable.swift */ = {isa = PBXFileReference; lastKnownFileType = sourcecode.swift; path = Bindable.swift; sourceTree = "<group>"; };
		4D36829525AE9F4600425A3B /* MovieViewModel.swift */ = {isa = PBXFileReference; lastKnownFileType = sourcecode.swift; path = MovieViewModel.swift; sourceTree = "<group>"; };
		4D76271325AAA2BC00A91CF0 /* DetalhesFilmesViewController.swift */ = {isa = PBXFileReference; lastKnownFileType = sourcecode.swift; path = DetalhesFilmesViewController.swift; sourceTree = "<group>"; };
		4D92564225A931BE00538FE7 /* CapasFilmesCollectionViewCell.swift */ = {isa = PBXFileReference; lastKnownFileType = sourcecode.swift; path = CapasFilmesCollectionViewCell.swift; sourceTree = "<group>"; };
		4DA5BEAD25A7B33700C9F6BD /* Filmes.swift */ = {isa = PBXFileReference; lastKnownFileType = sourcecode.swift; path = Filmes.swift; sourceTree = "<group>"; };
		4DFF622825A73CD0004556AF /* MoviesAPI.app */ = {isa = PBXFileReference; explicitFileType = wrapper.application; includeInIndex = 0; path = MoviesAPI.app; sourceTree = BUILT_PRODUCTS_DIR; };
		4DFF622B25A73CD0004556AF /* AppDelegate.swift */ = {isa = PBXFileReference; lastKnownFileType = sourcecode.swift; path = AppDelegate.swift; sourceTree = "<group>"; };
		4DFF622D25A73CD0004556AF /* SceneDelegate.swift */ = {isa = PBXFileReference; lastKnownFileType = sourcecode.swift; path = SceneDelegate.swift; sourceTree = "<group>"; };
		4DFF622F25A73CD0004556AF /* ViewController.swift */ = {isa = PBXFileReference; lastKnownFileType = sourcecode.swift; path = ViewController.swift; sourceTree = "<group>"; };
		4DFF623225A73CD0004556AF /* Base */ = {isa = PBXFileReference; lastKnownFileType = file.storyboard; name = Base; path = Base.lproj/Main.storyboard; sourceTree = "<group>"; };
		4DFF623425A73CD1004556AF /* Assets.xcassets */ = {isa = PBXFileReference; lastKnownFileType = folder.assetcatalog; path = Assets.xcassets; sourceTree = "<group>"; };
		4DFF623725A73CD1004556AF /* Base */ = {isa = PBXFileReference; lastKnownFileType = file.storyboard; name = Base; path = Base.lproj/LaunchScreen.storyboard; sourceTree = "<group>"; };
		4DFF623925A73CD1004556AF /* Info.plist */ = {isa = PBXFileReference; lastKnownFileType = text.plist.xml; path = Info.plist; sourceTree = "<group>"; };
		4DFF625925A76B2B004556AF /* MyPlayground.playground */ = {isa = PBXFileReference; lastKnownFileType = file.playground; path = MyPlayground.playground; sourceTree = "<group>"; xcLanguageSpecificationIdentifier = xcode.lang.swift; };
		5D090B8135E30FC9DCF5D3A0 /* Pods-MoviesAPI.release.xcconfig */ = {isa = PBXFileReference; includeInIndex = 1; lastKnownFileType = text.xcconfig; name = "Pods-MoviesAPI.release.xcconfig"; path = "Target Support Files/Pods-MoviesAPI/Pods-MoviesAPI.release.xcconfig"; sourceTree = "<group>"; };
		FDD86D1A005D8931A81B8079 /* Pods_MoviesAPI.framework */ = {isa = PBXFileReference; explicitFileType = wrapper.framework; includeInIndex = 0; path = Pods_MoviesAPI.framework; sourceTree = BUILT_PRODUCTS_DIR; };
/* End PBXFileReference section */

/* Begin PBXFrameworksBuildPhase section */
		4DFF622525A73CD0004556AF /* Frameworks */ = {
			isa = PBXFrameworksBuildPhase;
			buildActionMask = 2147483647;
			files = (
				E531232C56E84309FB88235E /* Pods_MoviesAPI.framework in Frameworks */,
			);
			runOnlyForDeploymentPostprocessing = 0;
		};
/* End PBXFrameworksBuildPhase section */

/* Begin PBXGroup section */
		2F37B5E5CB5A1877A3106472 /* Pods */ = {
			isa = PBXGroup;
			children = (
				495BAA51FC6F0EB44F036F73 /* Pods-MoviesAPI.debug.xcconfig */,
				5D090B8135E30FC9DCF5D3A0 /* Pods-MoviesAPI.release.xcconfig */,
			);
			path = Pods;
			sourceTree = "<group>";
		};
		4D36827D25AE368F00425A3B /* Models */ = {
			isa = PBXGroup;
			children = (
				4DA5BEAD25A7B33700C9F6BD /* Filmes.swift */,
			);
			path = Models;
			sourceTree = "<group>";
		};
		4D36827E25AE369A00425A3B /* Views */ = {
			isa = PBXGroup;
			children = (
				4D92564225A931BE00538FE7 /* CapasFilmesCollectionViewCell.swift */,
				4DFF622F25A73CD0004556AF /* ViewController.swift */,
				4D76271325AAA2BC00A91CF0 /* DetalhesFilmesViewController.swift */,
			);
			path = Views;
			sourceTree = "<group>";
		};
		4D36827F25AE36A200425A3B /* ViewModels */ = {
			isa = PBXGroup;
			children = (
				4D36829525AE9F4600425A3B /* MovieViewModel.swift */,
				4D13BF6D25AF9EE000E64D57 /* MovieViewData.swift */,
			);
			path = ViewModels;
			sourceTree = "<group>";
		};
		4D36828A25AE5CFF00425A3B /* Aplication */ = {
			isa = PBXGroup;
			children = (
				4DFF622B25A73CD0004556AF /* AppDelegate.swift */,
				4DFF622D25A73CD0004556AF /* SceneDelegate.swift */,
				4DFF623125A73CD0004556AF /* Main.storyboard */,
				4DFF623625A73CD1004556AF /* LaunchScreen.storyboard */,
				4DFF623925A73CD1004556AF /* Info.plist */,
			);
			path = Aplication;
			sourceTree = "<group>";
		};
		4D36828B25AE5D3100425A3B /* Service */ = {
			isa = PBXGroup;
			children = (
				4D36828025AE36FD00425A3B /* MoviesAPI.swift */,
			);
			path = Service;
			sourceTree = "<group>";
		};
		4D36828C25AE5D8100425A3B /* Core */ = {
			isa = PBXGroup;
			children = (
				4D36828D25AE5D9700425A3B /* Bindable.swift */,
			);
			path = Core;
			sourceTree = "<group>";
		};
		4DFF621F25A73CD0004556AF = {
			isa = PBXGroup;
			children = (
				4DFF625925A76B2B004556AF /* MyPlayground.playground */,
				4DFF622A25A73CD0004556AF /* MoviesAPI */,
				4DFF622925A73CD0004556AF /* Products */,
				2F37B5E5CB5A1877A3106472 /* Pods */,
				C818131DB249364C00D0979C /* Frameworks */,
			);
			sourceTree = "<group>";
		};
		4DFF622925A73CD0004556AF /* Products */ = {
			isa = PBXGroup;
			children = (
				4DFF622825A73CD0004556AF /* MoviesAPI.app */,
			);
			name = Products;
			sourceTree = "<group>";
		};
		4DFF622A25A73CD0004556AF /* MoviesAPI */ = {
			isa = PBXGroup;
			children = (
				4D36828C25AE5D8100425A3B /* Core */,
				4D36828B25AE5D3100425A3B /* Service */,
				4D36828A25AE5CFF00425A3B /* Aplication */,
				4D36827D25AE368F00425A3B /* Models */,
				4D36827E25AE369A00425A3B /* Views */,
				4D36827F25AE36A200425A3B /* ViewModels */,
				4DFF623425A73CD1004556AF /* Assets.xcassets */,
			);
			path = MoviesAPI;
			sourceTree = "<group>";
		};
		C818131DB249364C00D0979C /* Frameworks */ = {
			isa = PBXGroup;
			children = (
				FDD86D1A005D8931A81B8079 /* Pods_MoviesAPI.framework */,
			);
			name = Frameworks;
			sourceTree = "<group>";
		};
/* End PBXGroup section */

/* Begin PBXNativeTarget section */
		4DFF622725A73CD0004556AF /* MoviesAPI */ = {
			isa = PBXNativeTarget;
			buildConfigurationList = 4DFF623C25A73CD1004556AF /* Build configuration list for PBXNativeTarget "MoviesAPI" */;
			buildPhases = (
				11819C515E6B30701E277882 /* [CP] Check Pods Manifest.lock */,
				4DFF622425A73CD0004556AF /* Sources */,
				4DFF622525A73CD0004556AF /* Frameworks */,
				4DFF622625A73CD0004556AF /* Resources */,
				A57F6C54C9C1143E21BBAFA5 /* [CP] Embed Pods Frameworks */,
			);
			buildRules = (
			);
			dependencies = (
			);
			name = MoviesAPI;
			productName = MoviesAPI;
			productReference = 4DFF622825A73CD0004556AF /* MoviesAPI.app */;
			productType = "com.apple.product-type.application";
		};
/* End PBXNativeTarget section */

/* Begin PBXProject section */
		4DFF622025A73CD0004556AF /* Project object */ = {
			isa = PBXProject;
			attributes = {
				LastSwiftUpdateCheck = 1220;
				LastUpgradeCheck = 1220;
				TargetAttributes = {
					4DFF622725A73CD0004556AF = {
						CreatedOnToolsVersion = 12.2;
					};
				};
			};
			buildConfigurationList = 4DFF622325A73CD0004556AF /* Build configuration list for PBXProject "MoviesAPI" */;
			compatibilityVersion = "Xcode 9.3";
			developmentRegion = en;
			hasScannedForEncodings = 0;
			knownRegions = (
				en,
				Base,
			);
			mainGroup = 4DFF621F25A73CD0004556AF;
			productRefGroup = 4DFF622925A73CD0004556AF /* Products */;
			projectDirPath = "";
			projectRoot = "";
			targets = (
				4DFF622725A73CD0004556AF /* MoviesAPI */,
			);
		};
/* End PBXProject section */

/* Begin PBXResourcesBuildPhase section */
		4DFF622625A73CD0004556AF /* Resources */ = {
			isa = PBXResourcesBuildPhase;
			buildActionMask = 2147483647;
			files = (
				4DFF623825A73CD1004556AF /* LaunchScreen.storyboard in Resources */,
				4DFF623525A73CD1004556AF /* Assets.xcassets in Resources */,
				4DFF623325A73CD0004556AF /* Main.storyboard in Resources */,
			);
			runOnlyForDeploymentPostprocessing = 0;
		};
/* End PBXResourcesBuildPhase section */

/* Begin PBXShellScriptBuildPhase section */
		11819C515E6B30701E277882 /* [CP] Check Pods Manifest.lock */ = {
			isa = PBXShellScriptBuildPhase;
			buildActionMask = 2147483647;
			files = (
			);
			inputFileListPaths = (
			);
			inputPaths = (
				"${PODS_PODFILE_DIR_PATH}/Podfile.lock",
				"${PODS_ROOT}/Manifest.lock",
			);
			name = "[CP] Check Pods Manifest.lock";
			outputFileListPaths = (
			);
			outputPaths = (
				"$(DERIVED_FILE_DIR)/Pods-MoviesAPI-checkManifestLockResult.txt",
			);
			runOnlyForDeploymentPostprocessing = 0;
			shellPath = /bin/sh;
			shellScript = "diff \"${PODS_PODFILE_DIR_PATH}/Podfile.lock\" \"${PODS_ROOT}/Manifest.lock\" > /dev/null\nif [ $? != 0 ] ; then\n    # print error to STDERR\n    echo \"error: The sandbox is not in sync with the Podfile.lock. Run 'pod install' or update your CocoaPods installation.\" >&2\n    exit 1\nfi\n# This output is used by Xcode 'outputs' to avoid re-running this script phase.\necho \"SUCCESS\" > \"${SCRIPT_OUTPUT_FILE_0}\"\n";
			showEnvVarsInLog = 0;
		};
		A57F6C54C9C1143E21BBAFA5 /* [CP] Embed Pods Frameworks */ = {
			isa = PBXShellScriptBuildPhase;
			buildActionMask = 2147483647;
			files = (
			);
			inputFileListPaths = (
				"${PODS_ROOT}/Target Support Files/Pods-MoviesAPI/Pods-MoviesAPI-frameworks-${CONFIGURATION}-input-files.xcfilelist",
			);
			name = "[CP] Embed Pods Frameworks";
			outputFileListPaths = (
				"${PODS_ROOT}/Target Support Files/Pods-MoviesAPI/Pods-MoviesAPI-frameworks-${CONFIGURATION}-output-files.xcfilelist",
			);
			runOnlyForDeploymentPostprocessing = 0;
			shellPath = /bin/sh;
			shellScript = "\"${PODS_ROOT}/Target Support Files/Pods-MoviesAPI/Pods-MoviesAPI-frameworks.sh\"\n";
			showEnvVarsInLog = 0;
		};
/* End PBXShellScriptBuildPhase section */

/* Begin PBXSourcesBuildPhase section */
		4DFF622425A73CD0004556AF /* Sources */ = {
			isa = PBXSourcesBuildPhase;
			buildActionMask = 2147483647;
			files = (
				4D36828125AE36FD00425A3B /* MoviesAPI.swift in Sources */,
				4DFF623025A73CD0004556AF /* ViewController.swift in Sources */,
				4D36828E25AE5D9700425A3B /* Bindable.swift in Sources */,
				4DFF622C25A73CD0004556AF /* AppDelegate.swift in Sources */,
				4D76271425AAA2BC00A91CF0 /* DetalhesFilmesViewController.swift in Sources */,
				4D36829625AE9F4600425A3B /* MovieViewModel.swift in Sources */,
				4DFF622E25A73CD0004556AF /* SceneDelegate.swift in Sources */,
				4DA5BEAE25A7B33700C9F6BD /* Filmes.swift in Sources */,
				4D92564325A931BE00538FE7 /* CapasFilmesCollectionViewCell.swift in Sources */,
				4D13BF6E25AF9EE000E64D57 /* MovieViewData.swift in Sources */,
			);
			runOnlyForDeploymentPostprocessing = 0;
		};
/* End PBXSourcesBuildPhase section */

/* Begin PBXVariantGroup section */
		4DFF623125A73CD0004556AF /* Main.storyboard */ = {
			isa = PBXVariantGroup;
			children = (
				4DFF623225A73CD0004556AF /* Base */,
			);
			name = Main.storyboard;
			sourceTree = "<group>";
		};
		4DFF623625A73CD1004556AF /* LaunchScreen.storyboard */ = {
			isa = PBXVariantGroup;
			children = (
				4DFF623725A73CD1004556AF /* Base */,
			);
			name = LaunchScreen.storyboard;
			sourceTree = "<group>";
		};
/* End PBXVariantGroup section */

/* Begin XCBuildConfiguration section */
		4DFF623A25A73CD1004556AF /* Debug */ = {
			isa = XCBuildConfiguration;
			buildSettings = {
				ALWAYS_SEARCH_USER_PATHS = NO;
				CLANG_ANALYZER_NONNULL = YES;
				CLANG_ANALYZER_NUMBER_OBJECT_CONVERSION = YES_AGGRESSIVE;
				CLANG_CXX_LANGUAGE_STANDARD = "gnu++14";
				CLANG_CXX_LIBRARY = "libc++";
				CLANG_ENABLE_MODULES = YES;
				CLANG_ENABLE_OBJC_ARC = YES;
				CLANG_ENABLE_OBJC_WEAK = YES;
				CLANG_WARN_BLOCK_CAPTURE_AUTORELEASING = YES;
				CLANG_WARN_BOOL_CONVERSION = YES;
				CLANG_WARN_COMMA = YES;
				CLANG_WARN_CONSTANT_CONVERSION = YES;
				CLANG_WARN_DEPRECATED_OBJC_IMPLEMENTATIONS = YES;
				CLANG_WARN_DIRECT_OBJC_ISA_USAGE = YES_ERROR;
				CLANG_WARN_DOCUMENTATION_COMMENTS = YES;
				CLANG_WARN_EMPTY_BODY = YES;
				CLANG_WARN_ENUM_CONVERSION = YES;
				CLANG_WARN_INFINITE_RECURSION = YES;
				CLANG_WARN_INT_CONVERSION = YES;
				CLANG_WARN_NON_LITERAL_NULL_CONVERSION = YES;
				CLANG_WARN_OBJC_IMPLICIT_RETAIN_SELF = YES;
				CLANG_WARN_OBJC_LITERAL_CONVERSION = YES;
				CLANG_WARN_OBJC_ROOT_CLASS = YES_ERROR;
				CLANG_WARN_QUOTED_INCLUDE_IN_FRAMEWORK_HEADER = YES;
				CLANG_WARN_RANGE_LOOP_ANALYSIS = YES;
				CLANG_WARN_STRICT_PROTOTYPES = YES;
				CLANG_WARN_SUSPICIOUS_MOVE = YES;
				CLANG_WARN_UNGUARDED_AVAILABILITY = YES_AGGRESSIVE;
				CLANG_WARN_UNREACHABLE_CODE = YES;
				CLANG_WARN__DUPLICATE_METHOD_MATCH = YES;
				COPY_PHASE_STRIP = NO;
				DEBUG_INFORMATION_FORMAT = dwarf;
				ENABLE_STRICT_OBJC_MSGSEND = YES;
				ENABLE_TESTABILITY = YES;
				GCC_C_LANGUAGE_STANDARD = gnu11;
				GCC_DYNAMIC_NO_PIC = NO;
				GCC_NO_COMMON_BLOCKS = YES;
				GCC_OPTIMIZATION_LEVEL = 0;
				GCC_PREPROCESSOR_DEFINITIONS = (
					"DEBUG=1",
					"$(inherited)",
				);
				GCC_WARN_64_TO_32_BIT_CONVERSION = YES;
				GCC_WARN_ABOUT_RETURN_TYPE = YES_ERROR;
				GCC_WARN_UNDECLARED_SELECTOR = YES;
				GCC_WARN_UNINITIALIZED_AUTOS = YES_AGGRESSIVE;
				GCC_WARN_UNUSED_FUNCTION = YES;
				GCC_WARN_UNUSED_VARIABLE = YES;
				IPHONEOS_DEPLOYMENT_TARGET = 14.2;
				MTL_ENABLE_DEBUG_INFO = INCLUDE_SOURCE;
				MTL_FAST_MATH = YES;
				ONLY_ACTIVE_ARCH = YES;
				SDKROOT = iphoneos;
				SWIFT_ACTIVE_COMPILATION_CONDITIONS = DEBUG;
				SWIFT_OPTIMIZATION_LEVEL = "-Onone";
			};
			name = Debug;
		};
		4DFF623B25A73CD1004556AF /* Release */ = {
			isa = XCBuildConfiguration;
			buildSettings = {
				ALWAYS_SEARCH_USER_PATHS = NO;
				CLANG_ANALYZER_NONNULL = YES;
				CLANG_ANALYZER_NUMBER_OBJECT_CONVERSION = YES_AGGRESSIVE;
				CLANG_CXX_LANGUAGE_STANDARD = "gnu++14";
				CLANG_CXX_LIBRARY = "libc++";
				CLANG_ENABLE_MODULES = YES;
				CLANG_ENABLE_OBJC_ARC = YES;
				CLANG_ENABLE_OBJC_WEAK = YES;
				CLANG_WARN_BLOCK_CAPTURE_AUTORELEASING = YES;
				CLANG_WARN_BOOL_CONVERSION = YES;
				CLANG_WARN_COMMA = YES;
				CLANG_WARN_CONSTANT_CONVERSION = YES;
				CLANG_WARN_DEPRECATED_OBJC_IMPLEMENTATIONS = YES;
				CLANG_WARN_DIRECT_OBJC_ISA_USAGE = YES_ERROR;
				CLANG_WARN_DOCUMENTATION_COMMENTS = YES;
				CLANG_WARN_EMPTY_BODY = YES;
				CLANG_WARN_ENUM_CONVERSION = YES;
				CLANG_WARN_INFINITE_RECURSION = YES;
				CLANG_WARN_INT_CONVERSION = YES;
				CLANG_WARN_NON_LITERAL_NULL_CONVERSION = YES;
				CLANG_WARN_OBJC_IMPLICIT_RETAIN_SELF = YES;
				CLANG_WARN_OBJC_LITERAL_CONVERSION = YES;
				CLANG_WARN_OBJC_ROOT_CLASS = YES_ERROR;
				CLANG_WARN_QUOTED_INCLUDE_IN_FRAMEWORK_HEADER = YES;
				CLANG_WARN_RANGE_LOOP_ANALYSIS = YES;
				CLANG_WARN_STRICT_PROTOTYPES = YES;
				CLANG_WARN_SUSPICIOUS_MOVE = YES;
				CLANG_WARN_UNGUARDED_AVAILABILITY = YES_AGGRESSIVE;
				CLANG_WARN_UNREACHABLE_CODE = YES;
				CLANG_WARN__DUPLICATE_METHOD_MATCH = YES;
				COPY_PHASE_STRIP = NO;
				DEBUG_INFORMATION_FORMAT = "dwarf-with-dsym";
				ENABLE_NS_ASSERTIONS = NO;
				ENABLE_STRICT_OBJC_MSGSEND = YES;
				GCC_C_LANGUAGE_STANDARD = gnu11;
				GCC_NO_COMMON_BLOCKS = YES;
				GCC_WARN_64_TO_32_BIT_CONVERSION = YES;
				GCC_WARN_ABOUT_RETURN_TYPE = YES_ERROR;
				GCC_WARN_UNDECLARED_SELECTOR = YES;
				GCC_WARN_UNINITIALIZED_AUTOS = YES_AGGRESSIVE;
				GCC_WARN_UNUSED_FUNCTION = YES;
				GCC_WARN_UNUSED_VARIABLE = YES;
				IPHONEOS_DEPLOYMENT_TARGET = 14.2;
				MTL_ENABLE_DEBUG_INFO = NO;
				MTL_FAST_MATH = YES;
				SDKROOT = iphoneos;
				SWIFT_COMPILATION_MODE = wholemodule;
				SWIFT_OPTIMIZATION_LEVEL = "-O";
				VALIDATE_PRODUCT = YES;
			};
			name = Release;
		};
		4DFF623D25A73CD1004556AF /* Debug */ = {
			isa = XCBuildConfiguration;
			baseConfigurationReference = 495BAA51FC6F0EB44F036F73 /* Pods-MoviesAPI.debug.xcconfig */;
			buildSettings = {
				ASSETCATALOG_COMPILER_APPICON_NAME = AppIcon;
				ASSETCATALOG_COMPILER_GLOBAL_ACCENT_COLOR_NAME = AccentColor;
				CODE_SIGN_STYLE = Automatic;
				INFOPLIST_FILE = MoviesAPI/Aplication/Info.plist;
				LD_RUNPATH_SEARCH_PATHS = (
					"$(inherited)",
					"@executable_path/Frameworks",
				);
				PRODUCT_BUNDLE_IDENTIFIER = "br.com-alura.MoviesAPI";
				PRODUCT_NAME = "$(TARGET_NAME)";
				SWIFT_VERSION = 5.0;
				TARGETED_DEVICE_FAMILY = "1,2";
			};
			name = Debug;
		};
		4DFF623E25A73CD1004556AF /* Release */ = {
			isa = XCBuildConfiguration;
			baseConfigurationReference = 5D090B8135E30FC9DCF5D3A0 /* Pods-MoviesAPI.release.xcconfig */;
			buildSettings = {
				ASSETCATALOG_COMPILER_APPICON_NAME = AppIcon;
				ASSETCATALOG_COMPILER_GLOBAL_ACCENT_COLOR_NAME = AccentColor;
				CODE_SIGN_STYLE = Automatic;
				INFOPLIST_FILE = MoviesAPI/Aplication/Info.plist;
				LD_RUNPATH_SEARCH_PATHS = (
					"$(inherited)",
					"@executable_path/Frameworks",
				);
				PRODUCT_BUNDLE_IDENTIFIER = "br.com-alura.MoviesAPI";
				PRODUCT_NAME = "$(TARGET_NAME)";
				SWIFT_VERSION = 5.0;
				TARGETED_DEVICE_FAMILY = "1,2";
			};
			name = Release;
		};
/* End XCBuildConfiguration section */

/* Begin XCConfigurationList section */
		4DFF622325A73CD0004556AF /* Build configuration list for PBXProject "MoviesAPI" */ = {
			isa = XCConfigurationList;
			buildConfigurations = (
				4DFF623A25A73CD1004556AF /* Debug */,
				4DFF623B25A73CD1004556AF /* Release */,
			);
			defaultConfigurationIsVisible = 0;
			defaultConfigurationName = Release;
		};
		4DFF623C25A73CD1004556AF /* Build configuration list for PBXNativeTarget "MoviesAPI" */ = {
			isa = XCConfigurationList;
			buildConfigurations = (
				4DFF623D25A73CD1004556AF /* Debug */,
				4DFF623E25A73CD1004556AF /* Release */,
			);
			defaultConfigurationIsVisible = 0;
			defaultConfigurationName = Release;
		};
/* End XCConfigurationList section */
	};
	rootObject = 4DFF622025A73CD0004556AF /* Project object */;
}
